schema: '2.0'
stages:
  process:
    cmd: python src/process_ratings.py
    deps:
    - path: data/raw/ratings.csv
      hash: md5
      md5: bd8458f97779e3a76c21ccaa70fd1b55
      size: 40778
    - path: src/process_ratings.py
      hash: md5
      md5: c16a274ba43e4e0ed940df27709433b0
      size: 417
    outs:
    - path: data/processed/ratings_clean.csv
      hash: md5
      md5: 4a3acf672c1f32bcf6a2557553f3bf39
      size: 38699
  features:
    cmd: python src/create_features.py
    deps:
    - path: data/processed/ratings_clean.csv
      hash: md5
      md5: 4a3acf672c1f32bcf6a2557553f3bf39
      size: 38699
    - path: src/create_features.py
      hash: md5
      md5: be530a9ec1b733a47b91585aef02021e
      size: 450
    outs:
    - path: models/user_similarity.pkl
      hash: md5
      md5: 8e725f52c404797c377f4a404af9cdd1
      size: 320225
